# THIS IS AN AUTOGENERATED FILE. DO NOT EDIT THIS FILE DIRECTLY.
# yarn lockfile v1


"@akumzy/fs-watcher@0.3.3":
  version "0.3.3"
  resolved "https://registry.yarnpkg.com/@akumzy/fs-watcher/-/fs-watcher-0.3.3.tgz#8fdae19e1a14766e0309b063593510407329a620"
  integrity sha512-9PuO7MCDo3wIKF6eYfolTSmLXFw4b6yKXtWf97hk3veP5Bt6ZzGWyC75pxQ5R6xs0vqeetO9UPIKN+kl72E0Rg==
  dependencies:
    ipc-node-go "^0.2.0"

ipc-node-go@0.2.0, ipc-node-go@^0.2.0:
  version "0.2.0"
  resolved "https://registry.yarnpkg.com/ipc-node-go/-/ipc-node-go-0.2.0.tgz#2f5da1d0738602ae9758508e43e3f87c34b58c50"
  integrity sha512-zHqypOlCmX94Jc/V8nflZko8jK/zchba5x9GXeQK32tSFQSyfpyoh8pnS5Zvvj467VP9K/NpTk+iggNHmomZAg==

lodash@^4.17.15:
  version "4.17.19"
  resolved "https://registry.yarnpkg.com/lodash/-/lodash-4.17.19.tgz#e48ddedbe30b3321783c5b4301fbd353bc1e4a4b"
  integrity sha512-JNvd8XER9GQX0v2qJgsaN/mzFCNA5BRe/j8JN9d+tWyGLSodKQHKFicdwNYzWwI3wjRnaKPsGj1XkBjx/F96DQ==
